
Microsoft Visual Studio Solution File, Format Version 12.00
# Visual Studio Version 17
VisualStudioVersion = 17.0.31919.166
MinimumVisualStudioVersion = 10.0.40219.1
Project("{FAE04EC0-301F-11D3-BF4B-00C04F79EFBC}") = "PDF2ExcelVsto", "PDF2ExcelVsto.csproj", "{61A98D7D-0DCA-4BE3-BA5E-9CC877E66B51}"
EndProject
Project("{9A19103F-16F7-4668-BE54-9A1E7A4F7556}") = "GrabNadlanLicense", "..\GrabNadlanLicense\GrabNadlanLicense.csproj", "{328EAA31-8B42-4987-8223-2A574086C5F0}"
EndProject
Project("{FAE04EC0-301F-11D3-BF4B-00C04F79EFBC}") = "PDF2excelConsole", "..\PDF2excelConsole\PDF2excelConsole.csproj", "{048159EB-0C60-4B5B-81C1-DC5890B1DACF}"
EndProject
Global
	GlobalSection(SolutionConfigurationPlatforms) = preSolution
		Debug|Any CPU = Debug|Any CPU
		Release|Any CPU = Release|Any CPU
	EndGlobalSection
	GlobalSection(ProjectConfigurationPlatforms) = postSolution
		{61A98D7D-0DCA-4BE3-BA5E-9CC877E66B51}.Debug|Any CPU.ActiveCfg = Debug|Any CPU
		{61A98D7D-0DCA-4BE3-BA5E-9CC877E66B51}.Debug|Any CPU.Build.0 = Debug|Any CPU
		{61A98D7D-0DCA-4BE3-BA5E-9CC877E66B51}.Release|Any CPU.ActiveCfg = Release|Any CPU
		{61A98D7D-0DCA-4BE3-BA5E-9CC877E66B51}.Release|Any CPU.Build.0 = Release|Any CPU
		{328EAA31-8B42-4987-8223-2A574086C5F0}.Debug|Any CPU.ActiveCfg = Debug|Any CPU
		{328EAA31-8B42-4987-8223-2A574086C5F0}.Debug|Any CPU.Build.0 = Debug|Any CPU
		{328EAA31-8B42-4987-8223-2A574086C5F0}.Release|Any CPU.ActiveCfg = Release|Any CPU
		{328EAA31-8B42-4987-8223-2A574086C5F0}.Release|Any CPU.Build.0 = Release|Any CPU
		{048159EB-0C60-4B5B-81C1-DC5890B1DACF}.Debug|Any CPU.ActiveCfg = Debug|Any CPU
		{048159EB-0C60-4B5B-81C1-DC5890B1DACF}.Debug|Any CPU.Build.0 = Debug|Any CPU
		{048159EB-0C60-4B5B-81C1-DC5890B1DACF}.Release|Any CPU.ActiveCfg = Release|Any CPU
		{048159EB-0C60-4B5B-81C1-DC5890B1DACF}.Release|Any CPU.Build.0 = Release|Any CPU
	EndGlobalSection
	GlobalSection(SolutionProperties) = preSolution
		HideSolutionNode = FALSE
	EndGlobalSection
	GlobalSection(ExtensibilityGlobals) = postSolution
		SolutionGuid = {DD662A67-0426-4D16-8C98-D8B531A43B44}
	EndGlobalSection
EndGlobal
